
Microsoft Visual Studio Solution File, Format Version 12.00
# Visual Studio Version 17
VisualStudioVersion = 17.6.33829.357
MinimumVisualStudioVersion = 10.0.40219.1
Project("{9A19103F-16F7-4668-BE54-9A1E7A4F7556}") = "PapsiviFocalizacion.Core", "..\PapsiviFocalizacion.Core\PapsiviFocalizacion.Core.csproj", "{127CC578-A175-4DBF-96F6-F443C746F36C}"
EndProject
Project("{9A19103F-16F7-4668-BE54-9A1E7A4F7556}") = "PapsiviFocalizacion.Infra", "..\PapsiviFocalizacion.Infra\PapsiviFocalizacion.Infra.csproj", "{CDDACC17-5AE8-47AE-BDED-E01A25C8D465}"
EndProject
Project("{9A19103F-16F7-4668-BE54-9A1E7A4F7556}") = "PapsiviFocalizacion.Api", "..\PapsiviFocalizacion.Api\PapsiviFocalizacion.Api.csproj", "{855B2DF3-05BD-4F5A-B889-6F1541B54AF8}"
EndProject
Project("{FAE04EC0-301F-11D3-BF4B-00C04F79EFBC}") = "PapsiviFocalizacion.Web", "PapsiviFocalizacion.Web\PapsiviFocalizacion.Web.csproj", "{175D3405-060C-44E7-BF92-06480FDA8F7C}"
EndProject
Global
	GlobalSection(SolutionConfigurationPlatforms) = preSolution
		Debug|Any CPU = Debug|Any CPU
		Release|Any CPU = Release|Any CPU
	EndGlobalSection
	GlobalSection(ProjectConfigurationPlatforms) = postSolution
		{127CC578-A175-4DBF-96F6-F443C746F36C}.Debug|Any CPU.ActiveCfg = Debug|Any CPU
		{127CC578-A175-4DBF-96F6-F443C746F36C}.Debug|Any CPU.Build.0 = Debug|Any CPU
		{127CC578-A175-4DBF-96F6-F443C746F36C}.Release|Any CPU.ActiveCfg = Release|Any CPU
		{127CC578-A175-4DBF-96F6-F443C746F36C}.Release|Any CPU.Build.0 = Release|Any CPU
		{CDDACC17-5AE8-47AE-BDED-E01A25C8D465}.Debug|Any CPU.ActiveCfg = Debug|Any CPU
		{CDDACC17-5AE8-47AE-BDED-E01A25C8D465}.Debug|Any CPU.Build.0 = Debug|Any CPU
		{CDDACC17-5AE8-47AE-BDED-E01A25C8D465}.Release|Any CPU.ActiveCfg = Release|Any CPU
		{CDDACC17-5AE8-47AE-BDED-E01A25C8D465}.Release|Any CPU.Build.0 = Release|Any CPU
		{855B2DF3-05BD-4F5A-B889-6F1541B54AF8}.Debug|Any CPU.ActiveCfg = Debug|Any CPU
		{855B2DF3-05BD-4F5A-B889-6F1541B54AF8}.Debug|Any CPU.Build.0 = Debug|Any CPU
		{855B2DF3-05BD-4F5A-B889-6F1541B54AF8}.Release|Any CPU.ActiveCfg = Release|Any CPU
		{855B2DF3-05BD-4F5A-B889-6F1541B54AF8}.Release|Any CPU.Build.0 = Release|Any CPU
		{175D3405-060C-44E7-BF92-06480FDA8F7C}.Debug|Any CPU.ActiveCfg = Debug|Any CPU
		{175D3405-060C-44E7-BF92-06480FDA8F7C}.Debug|Any CPU.Build.0 = Debug|Any CPU
		{175D3405-060C-44E7-BF92-06480FDA8F7C}.Release|Any CPU.ActiveCfg = Release|Any CPU
		{175D3405-060C-44E7-BF92-06480FDA8F7C}.Release|Any CPU.Build.0 = Release|Any CPU
	EndGlobalSection
	GlobalSection(SolutionProperties) = preSolution
		HideSolutionNode = FALSE
	EndGlobalSection
	GlobalSection(ExtensibilityGlobals) = postSolution
		SolutionGuid = {DC6F7236-A4F8-4036-BE11-9E3D1169249F}
	EndGlobalSection
EndGlobal
